
Microsoft Visual Studio Solution File, Format Version 12.00
# Visual Studio 14
VisualStudioVersion = 14.0.25123.0
MinimumVisualStudioVersion = 10.0.40219.1
Project("{FAE04EC0-301F-11D3-BF4B-00C04F79EFBC}") = "Simulados", "Simulados\Simulados.csproj", "{1BE52963-CEDE-443B-AFAC-B28F92B2619D}"
EndProject
Project("{FAE04EC0-301F-11D3-BF4B-00C04F79EFBC}") = "Admin", "Admin\Admin.csproj", "{135A1A03-562C-4077-877E-D2502D4FFACB}"
EndProject
Global
	GlobalSection(SolutionConfigurationPlatforms) = preSolution
		Debug|Any CPU = Debug|Any CPU
		Debug|Default = Debug|Default
		Release|Any CPU = Release|Any CPU
		Release|Default = Release|Default
	EndGlobalSection
	GlobalSection(ProjectConfigurationPlatforms) = postSolution
		{1BE52963-CEDE-443B-AFAC-B28F92B2619D}.Debug|Any CPU.ActiveCfg = Debug|Any CPU
		{1BE52963-CEDE-443B-AFAC-B28F92B2619D}.Debug|Any CPU.Build.0 = Debug|Any CPU
		{1BE52963-CEDE-443B-AFAC-B28F92B2619D}.Debug|Default.ActiveCfg = Debug|Any CPU
		{1BE52963-CEDE-443B-AFAC-B28F92B2619D}.Release|Any CPU.ActiveCfg = Debug|Any CPU
		{1BE52963-CEDE-443B-AFAC-B28F92B2619D}.Release|Default.ActiveCfg = Debug|Any CPU
		{135A1A03-562C-4077-877E-D2502D4FFACB}.Debug|Any CPU.ActiveCfg = Debug|Any CPU
		{135A1A03-562C-4077-877E-D2502D4FFACB}.Debug|Any CPU.Build.0 = Debug|Any CPU
		{135A1A03-562C-4077-877E-D2502D4FFACB}.Debug|Default.ActiveCfg = Debug|Any CPU
		{135A1A03-562C-4077-877E-D2502D4FFACB}.Release|Any CPU.ActiveCfg = Debug|Any CPU
		{135A1A03-562C-4077-877E-D2502D4FFACB}.Release|Default.ActiveCfg = Debug|Any CPU
	EndGlobalSection
	GlobalSection(SolutionProperties) = preSolution
		HideSolutionNode = FALSE
	EndGlobalSection
	GlobalSection(SolutionConfigurationPlatforms) = preSolution
		Debug|Any CPU = Debug|Any CPU
		Debug|Default = Debug|Default
	EndGlobalSection
	GlobalSection(SolutionConfigurationPlatforms) = preSolution
		Debug|Any CPU = Debug|Any CPU
		Debug|Default = Debug|Default
		Release|Any CPU = Release|Any CPU
		Release|Default = Release|Default
	EndGlobalSection
EndGlobal
